
Microsoft Visual Studio Solution File, Format Version 12.00
# Visual Studio Version 16
VisualStudioVersion = 16.0.29926.136
MinimumVisualStudioVersion = 10.0.40219.1
Project("{FAE04EC0-301F-11D3-BF4B-00C04F79EFBC}") = "AtCoderTemplateForMono", "AtCoderTemplateForMono\AtCoderTemplateForMono.csproj", "{24E3AFD5-83B7-43A0-B915-C358CB1AA450}"
EndProject
Project("{FAE04EC0-301F-11D3-BF4B-00C04F79EFBC}") = "AtCoderTemplateForMono.Test", "AtCoderTemplateForMono.Test\AtCoderTemplateForMono.Test.csproj", "{46A74ED1-BBF9-4D86-90AB-781764F51CEE}"
EndProject
Global
	GlobalSection(SolutionConfigurationPlatforms) = preSolution
		Debug|Any CPU = Debug|Any CPU
		Release|Any CPU = Release|Any CPU
	EndGlobalSection
	GlobalSection(ProjectConfigurationPlatforms) = postSolution
		{24E3AFD5-83B7-43A0-B915-C358CB1AA450}.Debug|Any CPU.ActiveCfg = Debug|Any CPU
		{24E3AFD5-83B7-43A0-B915-C358CB1AA450}.Debug|Any CPU.Build.0 = Debug|Any CPU
		{24E3AFD5-83B7-43A0-B915-C358CB1AA450}.Release|Any CPU.ActiveCfg = Release|Any CPU
		{24E3AFD5-83B7-43A0-B915-C358CB1AA450}.Release|Any CPU.Build.0 = Release|Any CPU
		{46A74ED1-BBF9-4D86-90AB-781764F51CEE}.Debug|Any CPU.ActiveCfg = Debug|Any CPU
		{46A74ED1-BBF9-4D86-90AB-781764F51CEE}.Debug|Any CPU.Build.0 = Debug|Any CPU
		{46A74ED1-BBF9-4D86-90AB-781764F51CEE}.Release|Any CPU.ActiveCfg = Release|Any CPU
		{46A74ED1-BBF9-4D86-90AB-781764F51CEE}.Release|Any CPU.Build.0 = Release|Any CPU
	EndGlobalSection
	GlobalSection(SolutionProperties) = preSolution
		HideSolutionNode = FALSE
	EndGlobalSection
	GlobalSection(ExtensibilityGlobals) = postSolution
		SolutionGuid = {4FFE93BF-5DD7-4A66-808E-23DF8E67FF07}
	EndGlobalSection
EndGlobal
